
Microsoft Visual Studio Solution File, Format Version 12.00
# Visual Studio 15
VisualStudioVersion = 15.0.26430.14
MinimumVisualStudioVersion = 10.0.40219.1
Project("{FAE04EC0-301F-11D3-BF4B-00C04F79EFBC}") = "BlackCat.Android", "BlackCat\BlackCat.Android\BlackCat.Android.csproj", "{C2C3A564-A496-4D2F-A837-2EFDF43E2AAF}"
EndProject
Project("{FAE04EC0-301F-11D3-BF4B-00C04F79EFBC}") = "BlackCat", "BlackCat\BlackCat\BlackCat.csproj", "{E55D68A7-FD2E-4516-9EFE-9603E6937778}"
EndProject
Project("{FAE04EC0-301F-11D3-BF4B-00C04F79EFBC}") = "BlackCat.UWP", "BlackCat\BlackCat.UWP\BlackCat.UWP.csproj", "{C3FC8E22-560B-4449-9FBD-25AAC2D79F6F}"
EndProject
Project("{FAE04EC0-301F-11D3-BF4B-00C04F79EFBC}") = "BlackCat.iOS", "BlackCat\BlackCat.iOS\BlackCat.iOS.csproj", "{6DC12BF3-C96B-4197-AC87-89AB094813A4}"
EndProject
Global
	GlobalSection(SolutionConfigurationPlatforms) = preSolution
		Ad-Hoc|Any CPU = Ad-Hoc|Any CPU
		Ad-Hoc|ARM = Ad-Hoc|ARM
		Ad-Hoc|iPhone = Ad-Hoc|iPhone
		Ad-Hoc|iPhoneSimulator = Ad-Hoc|iPhoneSimulator
		Ad-Hoc|x64 = Ad-Hoc|x64
		Ad-Hoc|x86 = Ad-Hoc|x86
		AppStore|Any CPU = AppStore|Any CPU
		AppStore|ARM = AppStore|ARM
		AppStore|iPhone = AppStore|iPhone
		AppStore|iPhoneSimulator = AppStore|iPhoneSimulator
		AppStore|x64 = AppStore|x64
		AppStore|x86 = AppStore|x86
		Debug|Any CPU = Debug|Any CPU
		Debug|ARM = Debug|ARM
		Debug|iPhone = Debug|iPhone
		Debug|iPhoneSimulator = Debug|iPhoneSimulator
		Debug|x64 = Debug|x64
		Debug|x86 = Debug|x86
		Release|Any CPU = Release|Any CPU
		Release|ARM = Release|ARM
		Release|iPhone = Release|iPhone
		Release|iPhoneSimulator = Release|iPhoneSimulator
		Release|x64 = Release|x64
		Release|x86 = Release|x86
	EndGlobalSection
	GlobalSection(ProjectConfigurationPlatforms) = postSolution
		{C2C3A564-A496-4D2F-A837-2EFDF43E2AAF}.Ad-Hoc|Any CPU.ActiveCfg = Release|Any CPU
		{C2C3A564-A496-4D2F-A837-2EFDF43E2AAF}.Ad-Hoc|Any CPU.Build.0 = Release|Any CPU
		{C2C3A564-A496-4D2F-A837-2EFDF43E2AAF}.Ad-Hoc|Any CPU.Deploy.0 = Release|Any CPU
		{C2C3A564-A496-4D2F-A837-2EFDF43E2AAF}.Ad-Hoc|ARM.ActiveCfg = Release|Any CPU
		{C2C3A564-A496-4D2F-A837-2EFDF43E2AAF}.Ad-Hoc|ARM.Build.0 = Release|Any CPU
		{C2C3A564-A496-4D2F-A837-2EFDF43E2AAF}.Ad-Hoc|ARM.Deploy.0 = Release|Any CPU
		{C2C3A564-A496-4D2F-A837-2EFDF43E2AAF}.Ad-Hoc|iPhone.ActiveCfg = Release|Any CPU
		{C2C3A564-A496-4D2F-A837-2EFDF43E2AAF}.Ad-Hoc|iPhone.Build.0 = Release|Any CPU
		{C2C3A564-A496-4D2F-A837-2EFDF43E2AAF}.Ad-Hoc|iPhone.Deploy.0 = Release|Any CPU
		{C2C3A564-A496-4D2F-A837-2EFDF43E2AAF}.Ad-Hoc|iPhoneSimulator.ActiveCfg = Release|Any CPU
		{C2C3A564-A496-4D2F-A837-2EFDF43E2AAF}.Ad-Hoc|iPhoneSimulator.Build.0 = Release|Any CPU
		{C2C3A564-A496-4D2F-A837-2EFDF43E2AAF}.Ad-Hoc|iPhoneSimulator.Deploy.0 = Release|Any CPU
		{C2C3A564-A496-4D2F-A837-2EFDF43E2AAF}.Ad-Hoc|x64.ActiveCfg = Release|Any CPU
		{C2C3A564-A496-4D2F-A837-2EFDF43E2AAF}.Ad-Hoc|x64.Build.0 = Release|Any CPU
		{C2C3A564-A496-4D2F-A837-2EFDF43E2AAF}.Ad-Hoc|x64.Deploy.0 = Release|Any CPU
		{C2C3A564-A496-4D2F-A837-2EFDF43E2AAF}.Ad-Hoc|x86.ActiveCfg = Release|Any CPU
		{C2C3A564-A496-4D2F-A837-2EFDF43E2AAF}.Ad-Hoc|x86.Build.0 = Release|Any CPU
		{C2C3A564-A496-4D2F-A837-2EFDF43E2AAF}.Ad-Hoc|x86.Deploy.0 = Release|Any CPU
		{C2C3A564-A496-4D2F-A837-2EFDF43E2AAF}.AppStore|Any CPU.ActiveCfg = Release|Any CPU
		{C2C3A564-A496-4D2F-A837-2EFDF43E2AAF}.AppStore|Any CPU.Build.0 = Release|Any CPU
		{C2C3A564-A496-4D2F-A837-2EFDF43E2AAF}.AppStore|Any CPU.Deploy.0 = Release|Any CPU
		{C2C3A564-A496-4D2F-A837-2EFDF43E2AAF}.AppStore|ARM.ActiveCfg = Release|Any CPU
		{C2C3A564-A496-4D2F-A837-2EFDF43E2AAF}.AppStore|ARM.Build.0 = Release|Any CPU
		{C2C3A564-A496-4D2F-A837-2EFDF43E2AAF}.AppStore|ARM.Deploy.0 = Release|Any CPU
		{C2C3A564-A496-4D2F-A837-2EFDF43E2AAF}.AppStore|iPhone.ActiveCfg = Release|Any CPU
		{C2C3A564-A496-4D2F-A837-2EFDF43E2AAF}.AppStore|iPhone.Build.0 = Release|Any CPU
		{C2C3A564-A496-4D2F-A837-2EFDF43E2AAF}.AppStore|iPhone.Deploy.0 = Release|Any CPU
		{C2C3A564-A496-4D2F-A837-2EFDF43E2AAF}.AppStore|iPhoneSimulator.ActiveCfg = Release|Any CPU
		{C2C3A564-A496-4D2F-A837-2EFDF43E2AAF}.AppStore|iPhoneSimulator.Build.0 = Release|Any CPU
		{C2C3A564-A496-4D2F-A837-2EFDF43E2AAF}.AppStore|iPhoneSimulator.Deploy.0 = Release|Any CPU
		{C2C3A564-A496-4D2F-A837-2EFDF43E2AAF}.AppStore|x64.ActiveCfg = Release|Any CPU
		{C2C3A564-A496-4D2F-A837-2EFDF43E2AAF}.AppStore|x64.Build.0 = Release|Any CPU
		{C2C3A564-A496-4D2F-A837-2EFDF43E2AAF}.AppStore|x64.Deploy.0 = Release|Any CPU
		{C2C3A564-A496-4D2F-A837-2EFDF43E2AAF}.AppStore|x86.ActiveCfg = Release|Any CPU
		{C2C3A564-A496-4D2F-A837-2EFDF43E2AAF}.AppStore|x86.Build.0 = Release|Any CPU
		{C2C3A564-A496-4D2F-A837-2EFDF43E2AAF}.AppStore|x86.Deploy.0 = Release|Any CPU
		{C2C3A564-A496-4D2F-A837-2EFDF43E2AAF}.Debug|Any CPU.ActiveCfg = Debug|Any CPU
		{C2C3A564-A496-4D2F-A837-2EFDF43E2AAF}.Debug|Any CPU.Build.0 = Debug|Any CPU
		{C2C3A564-A496-4D2F-A837-2EFDF43E2AAF}.Debug|Any CPU.Deploy.0 = Debug|Any CPU
		{C2C3A564-A496-4D2F-A837-2EFDF43E2AAF}.Debug|ARM.ActiveCfg = Debug|Any CPU
		{C2C3A564-A496-4D2F-A837-2EFDF43E2AAF}.Debug|ARM.Build.0 = Debug|Any CPU
		{C2C3A564-A496-4D2F-A837-2EFDF43E2AAF}.Debug|ARM.Deploy.0 = Debug|Any CPU
		{C2C3A564-A496-4D2F-A837-2EFDF43E2AAF}.Debug|iPhone.ActiveCfg = Debug|Any CPU
		{C2C3A564-A496-4D2F-A837-2EFDF43E2AAF}.Debug|iPhone.Build.0 = Debug|Any CPU
		{C2C3A564-A496-4D2F-A837-2EFDF43E2AAF}.Debug|iPhone.Deploy.0 = Debug|Any CPU
		{C2C3A564-A496-4D2F-A837-2EFDF43E2AAF}.Debug|iPhoneSimulator.ActiveCfg = Debug|Any CPU
		{C2C3A564-A496-4D2F-A837-2EFDF43E2AAF}.Debug|iPhoneSimulator.Build.0 = Debug|Any CPU
		{C2C3A564-A496-4D2F-A837-2EFDF43E2AAF}.Debug|iPhoneSimulator.Deploy.0 = Debug|Any CPU
		{C2C3A564-A496-4D2F-A837-2EFDF43E2AAF}.Debug|x64.ActiveCfg = Debug|Any CPU
		{C2C3A564-A496-4D2F-A837-2EFDF43E2AAF}.Debug|x64.Build.0 = Debug|Any CPU
		{C2C3A564-A496-4D2F-A837-2EFDF43E2AAF}.Debug|x64.Deploy.0 = Debug|Any CPU
		{C2C3A564-A496-4D2F-A837-2EFDF43E2AAF}.Debug|x86.ActiveCfg = Debug|Any CPU
		{C2C3A564-A496-4D2F-A837-2EFDF43E2AAF}.Debug|x86.Build.0 = Debug|Any CPU
		{C2C3A564-A496-4D2F-A837-2EFDF43E2AAF}.Debug|x86.Deploy.0 = Debug|Any CPU
		{C2C3A564-A496-4D2F-A837-2EFDF43E2AAF}.Release|Any CPU.ActiveCfg = Release|Any CPU
		{C2C3A564-A496-4D2F-A837-2EFDF43E2AAF}.Release|Any CPU.Build.0 = Release|Any CPU
		{C2C3A564-A496-4D2F-A837-2EFDF43E2AAF}.Release|Any CPU.Deploy.0 = Release|Any CPU
		{C2C3A564-A496-4D2F-A837-2EFDF43E2AAF}.Release|ARM.ActiveCfg = Release|Any CPU
		{C2C3A564-A496-4D2F-A837-2EFDF43E2AAF}.Release|ARM.Build.0 = Release|Any CPU
		{C2C3A564-A496-4D2F-A837-2EFDF43E2AAF}.Release|ARM.Deploy.0 = Release|Any CPU
		{C2C3A564-A496-4D2F-A837-2EFDF43E2AAF}.Release|iPhone.ActiveCfg = Release|Any CPU
		{C2C3A564-A496-4D2F-A837-2EFDF43E2AAF}.Release|iPhone.Build.0 = Release|Any CPU
		{C2C3A564-A496-4D2F-A837-2EFDF43E2AAF}.Release|iPhone.Deploy.0 = Release|Any CPU
		{C2C3A564-A496-4D2F-A837-2EFDF43E2AAF}.Release|iPhoneSimulator.ActiveCfg = Release|Any CPU
		{C2C3A564-A496-4D2F-A837-2EFDF43E2AAF}.Release|iPhoneSimulator.Build.0 = Release|Any CPU
		{C2C3A564-A496-4D2F-A837-2EFDF43E2AAF}.Release|iPhoneSimulator.Deploy.0 = Release|Any CPU
		{C2C3A564-A496-4D2F-A837-2EFDF43E2AAF}.Release|x64.ActiveCfg = Release|Any CPU
		{C2C3A564-A496-4D2F-A837-2EFDF43E2AAF}.Release|x64.Build.0 = Release|Any CPU
		{C2C3A564-A496-4D2F-A837-2EFDF43E2AAF}.Release|x64.Deploy.0 = Release|Any CPU
		{C2C3A564-A496-4D2F-A837-2EFDF43E2AAF}.Release|x86.ActiveCfg = Release|Any CPU
		{C2C3A564-A496-4D2F-A837-2EFDF43E2AAF}.Release|x86.Build.0 = Release|Any CPU
		{C2C3A564-A496-4D2F-A837-2EFDF43E2AAF}.Release|x86.Deploy.0 = Release|Any CPU
		{E55D68A7-FD2E-4516-9EFE-9603E6937778}.Ad-Hoc|Any CPU.ActiveCfg = Release|Any CPU
		{E55D68A7-FD2E-4516-9EFE-9603E6937778}.Ad-Hoc|Any CPU.Build.0 = Release|Any CPU
		{E55D68A7-FD2E-4516-9EFE-9603E6937778}.Ad-Hoc|ARM.ActiveCfg = Release|Any CPU
		{E55D68A7-FD2E-4516-9EFE-9603E6937778}.Ad-Hoc|ARM.Build.0 = Release|Any CPU
		{E55D68A7-FD2E-4516-9EFE-9603E6937778}.Ad-Hoc|iPhone.ActiveCfg = Release|Any CPU
		{E55D68A7-FD2E-4516-9EFE-9603E6937778}.Ad-Hoc|iPhone.Build.0 = Release|Any CPU
		{E55D68A7-FD2E-4516-9EFE-9603E6937778}.Ad-Hoc|iPhoneSimulator.ActiveCfg = Release|Any CPU
		{E55D68A7-FD2E-4516-9EFE-9603E6937778}.Ad-Hoc|iPhoneSimulator.Build.0 = Release|Any CPU
		{E55D68A7-FD2E-4516-9EFE-9603E6937778}.Ad-Hoc|x64.ActiveCfg = Release|Any CPU
		{E55D68A7-FD2E-4516-9EFE-9603E6937778}.Ad-Hoc|x64.Build.0 = Release|Any CPU
		{E55D68A7-FD2E-4516-9EFE-9603E6937778}.Ad-Hoc|x86.ActiveCfg = Release|Any CPU
		{E55D68A7-FD2E-4516-9EFE-9603E6937778}.Ad-Hoc|x86.Build.0 = Release|Any CPU
		{E55D68A7-FD2E-4516-9EFE-9603E6937778}.AppStore|Any CPU.ActiveCfg = Release|Any CPU
		{E55D68A7-FD2E-4516-9EFE-9603E6937778}.AppStore|Any CPU.Build.0 = Release|Any CPU
		{E55D68A7-FD2E-4516-9EFE-9603E6937778}.AppStore|ARM.ActiveCfg = Release|Any CPU
		{E55D68A7-FD2E-4516-9EFE-9603E6937778}.AppStore|ARM.Build.0 = Release|Any CPU
		{E55D68A7-FD2E-4516-9EFE-9603E6937778}.AppStore|iPhone.ActiveCfg = Release|Any CPU
		{E55D68A7-FD2E-4516-9EFE-9603E6937778}.AppStore|iPhone.Build.0 = Release|Any CPU
		{E55D68A7-FD2E-4516-9EFE-9603E6937778}.AppStore|iPhoneSimulator.ActiveCfg = Release|Any CPU
		{E55D68A7-FD2E-4516-9EFE-9603E6937778}.AppStore|iPhoneSimulator.Build.0 = Release|Any CPU
		{E55D68A7-FD2E-4516-9EFE-9603E6937778}.AppStore|x64.ActiveCfg = Release|Any CPU
		{E55D68A7-FD2E-4516-9EFE-9603E6937778}.AppStore|x64.Build.0 = Release|Any CPU
		{E55D68A7-FD2E-4516-9EFE-9603E6937778}.AppStore|x86.ActiveCfg = Release|Any CPU
		{E55D68A7-FD2E-4516-9EFE-9603E6937778}.AppStore|x86.Build.0 = Release|Any CPU
		{E55D68A7-FD2E-4516-9EFE-9603E6937778}.Debug|Any CPU.ActiveCfg = Debug|Any CPU
		{E55D68A7-FD2E-4516-9EFE-9603E6937778}.Debug|Any CPU.Build.0 = Debug|Any CPU
		{E55D68A7-FD2E-4516-9EFE-9603E6937778}.Debug|ARM.ActiveCfg = Debug|Any CPU
		{E55D68A7-FD2E-4516-9EFE-9603E6937778}.Debug|ARM.Build.0 = Debug|Any CPU
		{E55D68A7-FD2E-4516-9EFE-9603E6937778}.Debug|iPhone.ActiveCfg = Debug|Any CPU
		{E55D68A7-FD2E-4516-9EFE-9603E6937778}.Debug|iPhone.Build.0 = Debug|Any CPU
		{E55D68A7-FD2E-4516-9EFE-9603E6937778}.Debug|iPhoneSimulator.ActiveCfg = Debug|Any CPU
		{E55D68A7-FD2E-4516-9EFE-9603E6937778}.Debug|iPhoneSimulator.Build.0 = Debug|Any CPU
		{E55D68A7-FD2E-4516-9EFE-9603E6937778}.Debug|x64.ActiveCfg = Debug|Any CPU
		{E55D68A7-FD2E-4516-9EFE-9603E6937778}.Debug|x64.Build.0 = Debug|Any CPU
		{E55D68A7-FD2E-4516-9EFE-9603E6937778}.Debug|x86.ActiveCfg = Debug|Any CPU
		{E55D68A7-FD2E-4516-9EFE-9603E6937778}.Debug|x86.Build.0 = Debug|Any CPU
		{E55D68A7-FD2E-4516-9EFE-9603E6937778}.Release|Any CPU.ActiveCfg = Release|Any CPU
		{E55D68A7-FD2E-4516-9EFE-9603E6937778}.Release|Any CPU.Build.0 = Release|Any CPU
		{E55D68A7-FD2E-4516-9EFE-9603E6937778}.Release|ARM.ActiveCfg = Release|Any CPU
		{E55D68A7-FD2E-4516-9EFE-9603E6937778}.Release|ARM.Build.0 = Release|Any CPU
		{E55D68A7-FD2E-4516-9EFE-9603E6937778}.Release|iPhone.ActiveCfg = Release|Any CPU
		{E55D68A7-FD2E-4516-9EFE-9603E6937778}.Release|iPhone.Build.0 = Release|Any CPU
		{E55D68A7-FD2E-4516-9EFE-9603E6937778}.Release|iPhoneSimulator.ActiveCfg = Release|Any CPU
		{E55D68A7-FD2E-4516-9EFE-9603E6937778}.Release|iPhoneSimulator.Build.0 = Release|Any CPU
		{E55D68A7-FD2E-4516-9EFE-9603E6937778}.Release|x64.ActiveCfg = Release|Any CPU
		{E55D68A7-FD2E-4516-9EFE-9603E6937778}.Release|x64.Build.0 = Release|Any CPU
		{E55D68A7-FD2E-4516-9EFE-9603E6937778}.Release|x86.ActiveCfg = Release|Any CPU
		{E55D68A7-FD2E-4516-9EFE-9603E6937778}.Release|x86.Build.0 = Release|Any CPU
		{C3FC8E22-560B-4449-9FBD-25AAC2D79F6F}.Ad-Hoc|Any CPU.ActiveCfg = Release|x86
		{C3FC8E22-560B-4449-9FBD-25AAC2D79F6F}.Ad-Hoc|Any CPU.Build.0 = Release|x86
		{C3FC8E22-560B-4449-9FBD-25AAC2D79F6F}.Ad-Hoc|Any CPU.Deploy.0 = Release|x86
		{C3FC8E22-560B-4449-9FBD-25AAC2D79F6F}.Ad-Hoc|ARM.ActiveCfg = Release|ARM
		{C3FC8E22-560B-4449-9FBD-25AAC2D79F6F}.Ad-Hoc|ARM.Build.0 = Release|ARM
		{C3FC8E22-560B-4449-9FBD-25AAC2D79F6F}.Ad-Hoc|ARM.Deploy.0 = Release|ARM
		{C3FC8E22-560B-4449-9FBD-25AAC2D79F6F}.Ad-Hoc|iPhone.ActiveCfg = Release|x86
		{C3FC8E22-560B-4449-9FBD-25AAC2D79F6F}.Ad-Hoc|iPhone.Build.0 = Release|x86
		{C3FC8E22-560B-4449-9FBD-25AAC2D79F6F}.Ad-Hoc|iPhone.Deploy.0 = Release|x86
		{C3FC8E22-560B-4449-9FBD-25AAC2D79F6F}.Ad-Hoc|iPhoneSimulator.ActiveCfg = Release|x86
		{C3FC8E22-560B-4449-9FBD-25AAC2D79F6F}.Ad-Hoc|iPhoneSimulator.Build.0 = Release|x86
		{C3FC8E22-560B-4449-9FBD-25AAC2D79F6F}.Ad-Hoc|iPhoneSimulator.Deploy.0 = Release|x86
		{C3FC8E22-560B-4449-9FBD-25AAC2D79F6F}.Ad-Hoc|x64.ActiveCfg = Release|x64
		{C3FC8E22-560B-4449-9FBD-25AAC2D79F6F}.Ad-Hoc|x64.Build.0 = Release|x64
		{C3FC8E22-560B-4449-9FBD-25AAC2D79F6F}.Ad-Hoc|x64.Deploy.0 = Release|x64
		{C3FC8E22-560B-4449-9FBD-25AAC2D79F6F}.Ad-Hoc|x86.ActiveCfg = Release|x86
		{C3FC8E22-560B-4449-9FBD-25AAC2D79F6F}.Ad-Hoc|x86.Build.0 = Release|x86
		{C3FC8E22-560B-4449-9FBD-25AAC2D79F6F}.Ad-Hoc|x86.Deploy.0 = Release|x86
		{C3FC8E22-560B-4449-9FBD-25AAC2D79F6F}.AppStore|Any CPU.ActiveCfg = Release|x86
		{C3FC8E22-560B-4449-9FBD-25AAC2D79F6F}.AppStore|Any CPU.Build.0 = Release|x86
		{C3FC8E22-560B-4449-9FBD-25AAC2D79F6F}.AppStore|Any CPU.Deploy.0 = Release|x86
		{C3FC8E22-560B-4449-9FBD-25AAC2D79F6F}.AppStore|ARM.ActiveCfg = Release|ARM
		{C3FC8E22-560B-4449-9FBD-25AAC2D79F6F}.AppStore|ARM.Build.0 = Release|ARM
		{C3FC8E22-560B-4449-9FBD-25AAC2D79F6F}.AppStore|ARM.Deploy.0 = Release|ARM
		{C3FC8E22-560B-4449-9FBD-25AAC2D79F6F}.AppStore|iPhone.ActiveCfg = Release|x86
		{C3FC8E22-560B-4449-9FBD-25AAC2D79F6F}.AppStore|iPhone.Build.0 = Release|x86
		{C3FC8E22-560B-4449-9FBD-25AAC2D79F6F}.AppStore|iPhone.Deploy.0 = Release|x86
		{C3FC8E22-560B-4449-9FBD-25AAC2D79F6F}.AppStore|iPhoneSimulator.ActiveCfg = Release|x86
		{C3FC8E22-560B-4449-9FBD-25AAC2D79F6F}.AppStore|iPhoneSimulator.Build.0 = Release|x86
		{C3FC8E22-560B-4449-9FBD-25AAC2D79F6F}.AppStore|iPhoneSimulator.Deploy.0 = Release|x86
		{C3FC8E22-560B-4449-9FBD-25AAC2D79F6F}.AppStore|x64.ActiveCfg = Release|x64
		{C3FC8E22-560B-4449-9FBD-25AAC2D79F6F}.AppStore|x64.Build.0 = Release|x64
		{C3FC8E22-560B-4449-9FBD-25AAC2D79F6F}.AppStore|x64.Deploy.0 = Release|x64
		{C3FC8E22-560B-4449-9FBD-25AAC2D79F6F}.AppStore|x86.ActiveCfg = Release|x86
		{C3FC8E22-560B-4449-9FBD-25AAC2D79F6F}.AppStore|x86.Build.0 = Release|x86
		{C3FC8E22-560B-4449-9FBD-25AAC2D79F6F}.AppStore|x86.Deploy.0 = Release|x86
		{C3FC8E22-560B-4449-9FBD-25AAC2D79F6F}.Debug|Any CPU.ActiveCfg = Debug|x86
		{C3FC8E22-560B-4449-9FBD-25AAC2D79F6F}.Debug|ARM.ActiveCfg = Debug|ARM
		{C3FC8E22-560B-4449-9FBD-25AAC2D79F6F}.Debug|ARM.Build.0 = Debug|ARM
		{C3FC8E22-560B-4449-9FBD-25AAC2D79F6F}.Debug|ARM.Deploy.0 = Debug|ARM
		{C3FC8E22-560B-4449-9FBD-25AAC2D79F6F}.Debug|iPhone.ActiveCfg = Debug|x86
		{C3FC8E22-560B-4449-9FBD-25AAC2D79F6F}.Debug|iPhoneSimulator.ActiveCfg = Debug|x86
		{C3FC8E22-560B-4449-9FBD-25AAC2D79F6F}.Debug|x64.ActiveCfg = Debug|x64
		{C3FC8E22-560B-4449-9FBD-25AAC2D79F6F}.Debug|x64.Build.0 = Debug|x64
		{C3FC8E22-560B-4449-9FBD-25AAC2D79F6F}.Debug|x64.Deploy.0 = Debug|x64
		{C3FC8E22-560B-4449-9FBD-25AAC2D79F6F}.Debug|x86.ActiveCfg = Debug|x86
		{C3FC8E22-560B-4449-9FBD-25AAC2D79F6F}.Debug|x86.Build.0 = Debug|x86
		{C3FC8E22-560B-4449-9FBD-25AAC2D79F6F}.Debug|x86.Deploy.0 = Debug|x86
		{C3FC8E22-560B-4449-9FBD-25AAC2D79F6F}.Release|Any CPU.ActiveCfg = Release|x86
		{C3FC8E22-560B-4449-9FBD-25AAC2D79F6F}.Release|ARM.ActiveCfg = Release|ARM
		{C3FC8E22-560B-4449-9FBD-25AAC2D79F6F}.Release|ARM.Build.0 = Release|ARM
		{C3FC8E22-560B-4449-9FBD-25AAC2D79F6F}.Release|ARM.Deploy.0 = Release|ARM
		{C3FC8E22-560B-4449-9FBD-25AAC2D79F6F}.Release|iPhone.ActiveCfg = Release|x86
		{C3FC8E22-560B-4449-9FBD-25AAC2D79F6F}.Release|iPhoneSimulator.ActiveCfg = Release|x86
		{C3FC8E22-560B-4449-9FBD-25AAC2D79F6F}.Release|x64.ActiveCfg = Release|x64
		{C3FC8E22-560B-4449-9FBD-25AAC2D79F6F}.Release|x64.Build.0 = Release|x64
		{C3FC8E22-560B-4449-9FBD-25AAC2D79F6F}.Release|x64.Deploy.0 = Release|x64
		{C3FC8E22-560B-4449-9FBD-25AAC2D79F6F}.Release|x86.ActiveCfg = Release|x86
		{C3FC8E22-560B-4449-9FBD-25AAC2D79F6F}.Release|x86.Build.0 = Release|x86
		{C3FC8E22-560B-4449-9FBD-25AAC2D79F6F}.Release|x86.Deploy.0 = Release|x86
		{6DC12BF3-C96B-4197-AC87-89AB094813A4}.Ad-Hoc|Any CPU.ActiveCfg = Ad-Hoc|iPhone
		{6DC12BF3-C96B-4197-AC87-89AB094813A4}.Ad-Hoc|ARM.ActiveCfg = Ad-Hoc|iPhone
		{6DC12BF3-C96B-4197-AC87-89AB094813A4}.Ad-Hoc|iPhone.ActiveCfg = Ad-Hoc|iPhone
		{6DC12BF3-C96B-4197-AC87-89AB094813A4}.Ad-Hoc|iPhone.Build.0 = Ad-Hoc|iPhone
		{6DC12BF3-C96B-4197-AC87-89AB094813A4}.Ad-Hoc|iPhoneSimulator.ActiveCfg = Ad-Hoc|iPhoneSimulator
		{6DC12BF3-C96B-4197-AC87-89AB094813A4}.Ad-Hoc|iPhoneSimulator.Build.0 = Ad-Hoc|iPhoneSimulator
		{6DC12BF3-C96B-4197-AC87-89AB094813A4}.Ad-Hoc|x64.ActiveCfg = Ad-Hoc|iPhone
		{6DC12BF3-C96B-4197-AC87-89AB094813A4}.Ad-Hoc|x86.ActiveCfg = Ad-Hoc|iPhone
		{6DC12BF3-C96B-4197-AC87-89AB094813A4}.AppStore|Any CPU.ActiveCfg = AppStore|iPhone
		{6DC12BF3-C96B-4197-AC87-89AB094813A4}.AppStore|ARM.ActiveCfg = AppStore|iPhone
		{6DC12BF3-C96B-4197-AC87-89AB094813A4}.AppStore|iPhone.ActiveCfg = AppStore|iPhone
		{6DC12BF3-C96B-4197-AC87-89AB094813A4}.AppStore|iPhone.Build.0 = AppStore|iPhone
		{6DC12BF3-C96B-4197-AC87-89AB094813A4}.AppStore|iPhoneSimulator.ActiveCfg = AppStore|iPhoneSimulator
		{6DC12BF3-C96B-4197-AC87-89AB094813A4}.AppStore|iPhoneSimulator.Build.0 = AppStore|iPhoneSimulator
		{6DC12BF3-C96B-4197-AC87-89AB094813A4}.AppStore|x64.ActiveCfg = AppStore|iPhone
		{6DC12BF3-C96B-4197-AC87-89AB094813A4}.AppStore|x86.ActiveCfg = AppStore|iPhone
		{6DC12BF3-C96B-4197-AC87-89AB094813A4}.Debug|Any CPU.ActiveCfg = Debug|iPhone
		{6DC12BF3-C96B-4197-AC87-89AB094813A4}.Debug|ARM.ActiveCfg = Debug|iPhone
		{6DC12BF3-C96B-4197-AC87-89AB094813A4}.Debug|iPhone.ActiveCfg = Debug|iPhone
		{6DC12BF3-C96B-4197-AC87-89AB094813A4}.Debug|iPhone.Build.0 = Debug|iPhone
		{6DC12BF3-C96B-4197-AC87-89AB094813A4}.Debug|iPhoneSimulator.ActiveCfg = Debug|iPhoneSimulator
		{6DC12BF3-C96B-4197-AC87-89AB094813A4}.Debug|iPhoneSimulator.Build.0 = Debug|iPhoneSimulator
		{6DC12BF3-C96B-4197-AC87-89AB094813A4}.Debug|x64.ActiveCfg = Debug|iPhone
		{6DC12BF3-C96B-4197-AC87-89AB094813A4}.Debug|x86.ActiveCfg = Debug|iPhone
		{6DC12BF3-C96B-4197-AC87-89AB094813A4}.Release|Any CPU.ActiveCfg = Release|iPhone
		{6DC12BF3-C96B-4197-AC87-89AB094813A4}.Release|ARM.ActiveCfg = Release|iPhone
		{6DC12BF3-C96B-4197-AC87-89AB094813A4}.Release|iPhone.ActiveCfg = Release|iPhone
		{6DC12BF3-C96B-4197-AC87-89AB094813A4}.Release|iPhone.Build.0 = Release|iPhone
		{6DC12BF3-C96B-4197-AC87-89AB094813A4}.Release|iPhoneSimulator.ActiveCfg = Release|iPhoneSimulator
		{6DC12BF3-C96B-4197-AC87-89AB094813A4}.Release|iPhoneSimulator.Build.0 = Release|iPhoneSimulator
		{6DC12BF3-C96B-4197-AC87-89AB094813A4}.Release|x64.ActiveCfg = Release|iPhone
		{6DC12BF3-C96B-4197-AC87-89AB094813A4}.Release|x86.ActiveCfg = Release|iPhone
	EndGlobalSection
	GlobalSection(SolutionProperties) = preSolution
		HideSolutionNode = FALSE
	EndGlobalSection
EndGlobal
